{
  "pins" : [
    {
      "identity" : "initialsui",
      "kind" : "remoteSourceControl",
      "location" : "https://github.com/lovetodream/InitialsUI.git",
      "state" : {
        "branch" : "main",
        "revision" : "66d672f446730661ac13feaefb0039b2bab43591"
      }
    },
    {
      "identity" : "popupview",
      "kind" : "remoteSourceControl",
      "location" : "https://github.com/Mijick/PopupView.git",
      "state" : {
        "revision" : "cb84ea72fc35d13a4e9d336f66fb13e0c3930dcc",
        "version" : "2.1.1"
      }
    },
    {
      "identity" : "sdwebimage",
      "kind" : "remoteSourceControl",
      "location" : "https://github.com/SDWebImage/SDWebImage.git",
      "state" : {
        "revision" : "1f06ef5007b6a580b3873ed2adee19e05d3b215a",
        "version" : "5.18.3"
      }
    },
    {
      "identity" : "sdwebimageswiftui",
      "kind" : "remoteSourceControl",
      "location" : "https://github.com/SDWebImage/SDWebImageSwiftUI.git",
      "state" : {
        "revision" : "e837c37d45449fbd3b4745c10c5b5274e73edead",
        "version" : "2.2.3"
      }
    }
  ],
  "version" : 2
}
